
Microsoft Visual Studio Solution File, Format Version 12.00
# Visual Studio Version 17
VisualStudioVersion = 17.14.36915.13
MinimumVisualStudioVersion = 10.0.40219.1
Project("{FAE04EC0-301F-11D3-BF4B-00C04F79EFBC}") = "01_MainSubjects", "01_MainSubjects\01_MainSubjects.csproj", "{3E0360D2-CD9A-4377-B55F-BDA7D01C183B}"
EndProject
Project("{FAE04EC0-301F-11D3-BF4B-00C04F79EFBC}") = "02_Variables", "02_Variables\02_Variables.csproj", "{5BBF9CA6-5ABC-4810-A390-DD44293AFBFE}"
EndProject
Project("{FAE04EC0-301F-11D3-BF4B-00C04F79EFBC}") = "03_MakingDecisionandLoops", "03_MakingDecisionandLoops\03_MakingDecisionandLoops.csproj", "{F05B78F1-3681-4003-AB9A-37136BD9F5C2}"
EndProject
Project("{FAE04EC0-301F-11D3-BF4B-00C04F79EFBC}") = "04_ArraysandForeach", "04_ArraysandForeach\04_ArraysandForeach.csproj", "{EFB4EC68-3550-4372-8F42-2F4306643860}"
EndProject
Project("{FAE04EC0-301F-11D3-BF4B-00C04F79EFBC}") = "05_Functions", "05_Functions\05_Functions.csproj", "{AC39E0AE-D263-42D7-AA2A-9B1CD3EEE1A5}"
EndProject
Project("{FAE04EC0-301F-11D3-BF4B-00C04F79EFBC}") = "06_DatabaseProject", "06_DatabaseProject\06_DatabaseProject.csproj", "{E7F02AFA-FCD0-42B1-8FC7-E2F2D5B8E976}"
EndProject
Project("{FAE04EC0-301F-11D3-BF4B-00C04F79EFBC}") = "07_DatabaseCrud", "07_DatabaseCrud\07_DatabaseCrud.csproj", "{381C93A0-C2F7-4F77-A203-3AD515C0EE8A}"
EndProject
Global
	GlobalSection(SolutionConfigurationPlatforms) = preSolution
		Debug|Any CPU = Debug|Any CPU
		Release|Any CPU = Release|Any CPU
	EndGlobalSection
	GlobalSection(ProjectConfigurationPlatforms) = postSolution
		{3E0360D2-CD9A-4377-B55F-BDA7D01C183B}.Debug|Any CPU.ActiveCfg = Debug|Any CPU
		{3E0360D2-CD9A-4377-B55F-BDA7D01C183B}.Debug|Any CPU.Build.0 = Debug|Any CPU
		{3E0360D2-CD9A-4377-B55F-BDA7D01C183B}.Release|Any CPU.ActiveCfg = Release|Any CPU
		{3E0360D2-CD9A-4377-B55F-BDA7D01C183B}.Release|Any CPU.Build.0 = Release|Any CPU
		{5BBF9CA6-5ABC-4810-A390-DD44293AFBFE}.Debug|Any CPU.ActiveCfg = Debug|Any CPU
		{5BBF9CA6-5ABC-4810-A390-DD44293AFBFE}.Debug|Any CPU.Build.0 = Debug|Any CPU
		{5BBF9CA6-5ABC-4810-A390-DD44293AFBFE}.Release|Any CPU.ActiveCfg = Release|Any CPU
		{5BBF9CA6-5ABC-4810-A390-DD44293AFBFE}.Release|Any CPU.Build.0 = Release|Any CPU
		{F05B78F1-3681-4003-AB9A-37136BD9F5C2}.Debug|Any CPU.ActiveCfg = Debug|Any CPU
		{F05B78F1-3681-4003-AB9A-37136BD9F5C2}.Debug|Any CPU.Build.0 = Debug|Any CPU
		{F05B78F1-3681-4003-AB9A-37136BD9F5C2}.Release|Any CPU.ActiveCfg = Release|Any CPU
		{F05B78F1-3681-4003-AB9A-37136BD9F5C2}.Release|Any CPU.Build.0 = Release|Any CPU
		{EFB4EC68-3550-4372-8F42-2F4306643860}.Debug|Any CPU.ActiveCfg = Debug|Any CPU
		{EFB4EC68-3550-4372-8F42-2F4306643860}.Debug|Any CPU.Build.0 = Debug|Any CPU
		{EFB4EC68-3550-4372-8F42-2F4306643860}.Release|Any CPU.ActiveCfg = Release|Any CPU
		{EFB4EC68-3550-4372-8F42-2F4306643860}.Release|Any CPU.Build.0 = Release|Any CPU
		{AC39E0AE-D263-42D7-AA2A-9B1CD3EEE1A5}.Debug|Any CPU.ActiveCfg = Debug|Any CPU
		{AC39E0AE-D263-42D7-AA2A-9B1CD3EEE1A5}.Debug|Any CPU.Build.0 = Debug|Any CPU
		{AC39E0AE-D263-42D7-AA2A-9B1CD3EEE1A5}.Release|Any CPU.ActiveCfg = Release|Any CPU
		{AC39E0AE-D263-42D7-AA2A-9B1CD3EEE1A5}.Release|Any CPU.Build.0 = Release|Any CPU
		{E7F02AFA-FCD0-42B1-8FC7-E2F2D5B8E976}.Debug|Any CPU.ActiveCfg = Debug|Any CPU
		{E7F02AFA-FCD0-42B1-8FC7-E2F2D5B8E976}.Debug|Any CPU.Build.0 = Debug|Any CPU
		{E7F02AFA-FCD0-42B1-8FC7-E2F2D5B8E976}.Release|Any CPU.ActiveCfg = Release|Any CPU
		{E7F02AFA-FCD0-42B1-8FC7-E2F2D5B8E976}.Release|Any CPU.Build.0 = Release|Any CPU
		{381C93A0-C2F7-4F77-A203-3AD515C0EE8A}.Debug|Any CPU.ActiveCfg = Debug|Any CPU
		{381C93A0-C2F7-4F77-A203-3AD515C0EE8A}.Debug|Any CPU.Build.0 = Debug|Any CPU
		{381C93A0-C2F7-4F77-A203-3AD515C0EE8A}.Release|Any CPU.ActiveCfg = Release|Any CPU
		{381C93A0-C2F7-4F77-A203-3AD515C0EE8A}.Release|Any CPU.Build.0 = Release|Any CPU
	EndGlobalSection
	GlobalSection(SolutionProperties) = preSolution
		HideSolutionNode = FALSE
	EndGlobalSection
	GlobalSection(ExtensibilityGlobals) = postSolution
		SolutionGuid = {7BF1B30B-0703-4656-BBD9-4F71219F1612}
	EndGlobalSection
EndGlobal
